
Microsoft Visual Studio Solution File, Format Version 12.00
# Visual Studio Version 17
VisualStudioVersion = 17.6.33815.320
MinimumVisualStudioVersion = 10.0.40219.1
Project("{9A19103F-16F7-4668-BE54-9A1E7A4F7556}") = "BPlusTree", "b-plus-tree\BPlusTree.csproj", "{9288FCA3-0FD8-4810-B5C7-32F4A4025752}"
EndProject
Global
	GlobalSection(SolutionConfigurationPlatforms) = preSolution
		Debug|Any CPU = Debug|Any CPU
		Release|Any CPU = Release|Any CPU
	EndGlobalSection
	GlobalSection(ProjectConfigurationPlatforms) = postSolution
		{9288FCA3-0FD8-4810-B5C7-32F4A4025752}.Debug|Any CPU.ActiveCfg = Debug|Any CPU
		{9288FCA3-0FD8-4810-B5C7-32F4A4025752}.Debug|Any CPU.Build.0 = Debug|Any CPU
		{9288FCA3-0FD8-4810-B5C7-32F4A4025752}.Release|Any CPU.ActiveCfg = Release|Any CPU
		{9288FCA3-0FD8-4810-B5C7-32F4A4025752}.Release|Any CPU.Build.0 = Release|Any CPU
	EndGlobalSection
	GlobalSection(SolutionProperties) = preSolution
		HideSolutionNode = FALSE
	EndGlobalSection
	GlobalSection(ExtensibilityGlobals) = postSolution
		SolutionGuid = {9FEEFCA1-F689-4A10-8783-1649E252CF2E}
	EndGlobalSection
EndGlobal
